{
  "name": "Project4",
  "version": "1.0.0",
  "lockfileVersion": 1,
  "requires": true,
  "dependencies": {
    "abstract-leveldown": {
      "version": "6.0.1",
      "resolved": "https://registry.npmjs.org/abstract-leveldown/-/abstract-leveldown-6.0.1.tgz",
      "integrity": "sha512-8ccQIKHwmh7rIRWvKGgSTM2LByLWpLZgAYRjDNOh1ZTXvlR0gtm2Ir7aD8rEUre8DMllchJJTAZhhN5aUBN7XA==",
      "requires": {
        "level-concat-iterator": "~2.0.0",
        "xtend": "~4.0.0"
      }
    },
    "deferred-leveldown": {
      "version": "5.0.0",
      "resolved": "https://registry.npmjs.org/deferred-leveldown/-/deferred-leveldown-5.0.0.tgz",
      "integrity": "sha512-QtTcNm2PX7elim5bGl+i3px2kVbpI49BV+Q62CFh0AaMlrdlbMXyozBg31p2zJqAAT35FUw4eccC+drr3D0+vQ==",
      "requires": {
        "abstract-leveldown": "~6.0.0",
        "inherits": "^2.0.3"
      }
    },
    "encoding-down": {
      "version": "6.0.1",
      "resolved": "https://registry.npmjs.org/encoding-down/-/encoding-down-6.0.1.tgz",
      "integrity": "sha512-y4Hw8M2r/th+AsJ2evqWV6ZSkuxeyHcUwWAJSTElXhmjT5KIBRxhr6xV7MtyRUqQ1jUjsS0yIAP9NQpi/tcEvw==",
      "requires": {
        "abstract-leveldown": "^6.0.0",
        "inherits": "^2.0.3",
        "level-codec": "^9.0.0",
        "level-errors": "^2.0.0"
      }
    },
    "errno": {
      "version": "0.1.7",
      "resolved": "https://registry.npmjs.org/errno/-/errno-0.1.7.tgz",
      "integrity": "sha512-MfrRBDWzIWifgq6tJj60gkAwtLNb6sQPlcFrSOflcP1aFmmruKQ2wRnze/8V6kgyz7H3FF8Npzv78mZ7XLLflg==",
      "requires": {
        "prr": "~1.0.1"
      }
    },
    "fast-future": {
      "version": "1.0.2",
      "resolved": "https://registry.npmjs.org/fast-future/-/fast-future-1.0.2.tgz",
      "integrity": "sha1-hDWpqqAteSSNF9cE52JZMB2ZKAo="
    },
    "immediate": {
      "version": "3.2.3",
      "resolved": "https://registry.npmjs.org/immediate/-/immediate-3.2.3.tgz",
      "integrity": "sha1-0UD6j2FGWb1lQSMwl92qwlzdmRw="
    },
    "inherits": {
      "version": "2.0.3",
      "resolved": "https://registry.npmjs.org/inherits/-/inherits-2.0.3.tgz",
      "integrity": "sha1-Yzwsg+PaQqUC9SRmAiSA9CCCYd4="
    },
    "is-typedarray": {
      "version": "1.0.0",
      "resolved": "https://registry.npmjs.org/is-typedarray/-/is-typedarray-1.0.0.tgz",
      "integrity": "sha1-5HnICFjfDBsR3dppQPlgEfzaSpo="
    },
    "level": {
      "version": "5.0.1",
      "resolved": "https://registry.npmjs.org/level/-/level-5.0.1.tgz",
      "integrity": "sha512-wcak5OQeA4rURGacqS62R/xNHjCYnJSQDBOlm4KNUGJVE9bWv2B04TclqReYejN+oD65PzD4FsqeWoI5wNC5Lg==",
      "requires": {
        "level-js": "^4.0.0",
        "level-packager": "^5.0.0",
        "leveldown": "^5.0.0",
        "opencollective-postinstall": "^2.0.0"
      }
    },
    "level-codec": {
      "version": "9.0.0",
      "resolved": "https://registry.npmjs.org/level-codec/-/level-codec-9.0.0.tgz",
      "integrity": "sha512-OIpVvjCcZNP5SdhcNupnsI1zo5Y9Vpm+k/F1gfG5kXrtctlrwanisakweJtE0uA0OpLukRfOQae+Fg0M5Debhg=="
    },
    "level-concat-iterator": {
      "version": "2.0.0",
      "resolved": "https://registry.npmjs.org/level-concat-iterator/-/level-concat-iterator-2.0.0.tgz",
      "integrity": "sha512-gMs7JtWp479SOBjJQteQ+WMctfiQXG1SX5EuIGWTTUP37mKqs6BcYcjfZVVzAdTq0lAcSYpL2xGwmCG/hbjOcg=="
    },
    "level-errors": {
      "version": "2.0.0",
      "resolved": "https://registry.npmjs.org/level-errors/-/level-errors-2.0.0.tgz",
      "integrity": "sha512-AmY4HCp9h3OiU19uG+3YWkdELgy05OTP/r23aNHaQKWv8DO787yZgsEuGVkoph40uwN+YdUKnANlrxSsoOaaxg==",
      "requires": {
        "errno": "~0.1.1"
      }
    },
    "level-iterator-stream": {
      "version": "4.0.0",
      "resolved": "https://registry.npmjs.org/level-iterator-stream/-/level-iterator-stream-4.0.0.tgz",
      "integrity": "sha512-CHMqFgIGXmqbdfvZcNADxRBXrl2W2EN8stxZnxEDQfEN+oNULcbX1OSK7VqJutp51Z0yJtA4Ym3JJMOuEslTrA==",
      "requires": {
        "inherits": "^2.0.1",
        "readable-stream": "^3.0.2",
        "xtend": "^4.0.0"
      }
    },
    "level-js": {
      "version": "4.0.0",
      "resolved": "https://registry.npmjs.org/level-js/-/level-js-4.0.0.tgz",
      "integrity": "sha512-V+3MDBLYPQ+Fe6FybF69X6CgLw8lE6feL+p0aRSWaEB3x/VsNpeJ1xsbT/LoV1zrcfSDBuQBuI/Hqwn0FxBahw==",
      "requires": {
        "abstract-leveldown": "~6.0.1",
        "immediate": "~3.2.3",
        "inherits": "^2.0.3",
        "ltgt": "^2.1.2",
        "typedarray-to-buffer": "~3.1.5"
      }
    },
    "level-packager": {
      "version": "5.0.0",
      "resolved": "https://registry.npmjs.org/level-packager/-/level-packager-5.0.0.tgz",
      "integrity": "sha512-JuoqBMPLnhjEin3sLBYfjIxFq0IDCCGoBMn33iC3B4L0su0k7TH/N5bQqYEVzc285DnCRACDH6qgHOjzD11jhQ==",
      "requires": {
        "encoding-down": "^6.0.0",
        "levelup": "^4.0.0"
      }
    },
    "leveldown": {
      "version": "5.0.0",
      "resolved": "https://registry.npmjs.org/leveldown/-/leveldown-5.0.0.tgz",
      "integrity": "sha512-MZhLrJEanXmaMg5mS7/2gPdEw2WtduRCBiZjGV/K3DXUswdM1UQsXXlo6xO/guMMTIBhf6nqW3eF8Pw1QYBSDg==",
      "requires": {
        "abstract-leveldown": "~6.0.0",
        "fast-future": "~1.0.2",
        "napi-macros": "~1.8.1",
        "node-gyp-build": "~3.8.0"
      }
    },
    "levelup": {
      "version": "4.0.0",
      "resolved": "https://registry.npmjs.org/levelup/-/levelup-4.0.0.tgz",
      "integrity": "sha512-RcWkjtMj1DGs8ftNs4U7MEZeHFnC9QcHn/fmBlOypHXCx02zwukZROzyUwRiu9dgw9y1tCDLFMmXQHEhCChi4w==",
      "requires": {
        "deferred-leveldown": "~5.0.0",
        "level-errors": "~2.0.0",
        "level-iterator-stream": "~4.0.0",
        "xtend": "~4.0.0"
      }
    },
    "ltgt": {
      "version": "2.2.1",
      "resolved": "https://registry.npmjs.org/ltgt/-/ltgt-2.2.1.tgz",
      "integrity": "sha1-81ypHEk/e3PaDgdJUwTxezH4fuU="
    },
    "napi-macros": {
      "version": "1.8.2",
      "resolved": "https://registry.npmjs.org/napi-macros/-/napi-macros-1.8.2.tgz",
      "integrity": "sha512-Tr0DNY4RzTaBG2W2m3l7ZtFuJChTH6VZhXVhkGGjF/4cZTt+i8GcM9ozD+30Lmr4mDoZ5Xx34t2o4GJqYWDGcg=="
    },
    "node-gyp-build": {
      "version": "3.8.0",
      "resolved": "https://registry.npmjs.org/node-gyp-build/-/node-gyp-build-3.8.0.tgz",
      "integrity": "sha512-bYbpIHyRqZ7sVWXxGpz8QIRug5JZc/hzZH4GbdT9HTZi6WmKCZ8GLvP8OZ9TTiIBvwPFKgtGrlWQSXDAvYdsPw=="
    },
    "opencollective-postinstall": {
      "version": "2.0.2",
      "resolved": "https://registry.npmjs.org/opencollective-postinstall/-/opencollective-postinstall-2.0.2.tgz",
      "integrity": "sha512-pVOEP16TrAO2/fjej1IdOyupJY8KDUM1CvsaScRbw6oddvpQoOfGk4ywha0HKKVAD6RkW4x6Q+tNBwhf3Bgpuw=="
    },
    "prr": {
      "version": "1.0.1",
      "resolved": "https://registry.npmjs.org/prr/-/prr-1.0.1.tgz",
      "integrity": "sha1-0/wRS6BplaRexok/SEzrHXj19HY="
    },
    "readable-stream": {
      "version": "3.2.0",
      "resolved": "https://registry.npmjs.org/readable-stream/-/readable-stream-3.2.0.tgz",
      "integrity": "sha512-RV20kLjdmpZuTF1INEb9IA3L68Nmi+Ri7ppZqo78wj//Pn62fCoJyV9zalccNzDD/OuJpMG4f+pfMl8+L6QdGw==",
      "requires": {
        "inherits": "^2.0.3",
        "string_decoder": "^1.1.1",
        "util-deprecate": "^1.0.1"
      }
    },
    "safe-buffer": {
      "version": "5.1.2",
      "resolved": "https://registry.npmjs.org/safe-buffer/-/safe-buffer-5.1.2.tgz",
      "integrity": "sha512-Gd2UZBJDkXlY7GbJxfsE8/nvKkUEU1G38c1siN6QP6a9PT9MmHB8GnpscSmMJSoF8LOIrt8ud/wPtojys4G6+g=="
    },
    "string_decoder": {
      "version": "1.2.0",
      "resolved": "https://registry.npmjs.org/string_decoder/-/string_decoder-1.2.0.tgz",
      "integrity": "sha512-6YqyX6ZWEYguAxgZzHGL7SsCeGx3V2TtOTqZz1xSTSWnqsbWwbptafNyvf/ACquZUXV3DANr5BDIwNYe1mN42w==",
      "requires": {
        "safe-buffer": "~5.1.0"
      }
    },
    "typedarray-to-buffer": {
      "version": "3.1.5",
      "resolved": "https://registry.npmjs.org/typedarray-to-buffer/-/typedarray-to-buffer-3.1.5.tgz",
      "integrity": "sha512-zdu8XMNEDepKKR+XYOXAVPtWui0ly0NtohUscw+UmaHiAWT8hrV1rr//H6V+0DvJ3OQ19S979M0laLfX8rm82Q==",
      "requires": {
        "is-typedarray": "^1.0.0"
      }
    },
    "util-deprecate": {
      "version": "1.0.2",
      "resolved": "https://registry.npmjs.org/util-deprecate/-/util-deprecate-1.0.2.tgz",
      "integrity": "sha1-RQ1Nyfpw3nMnYvvS1KKJgUGaDM8="
    },
    "xtend": {
      "version": "4.0.1",
      "resolved": "https://registry.npmjs.org/xtend/-/xtend-4.0.1.tgz",
      "integrity": "sha1-pcbVMr5lbiPbgg77lDofBJmNY68="
    }
  }
}
